
Microsoft Visual Studio Solution File, Format Version 12.00
Project("{FAE04EC0-301F-11D3-BF4B-00C04F79EFBC}") = "VIPCore", "VIPCore\VIPCore.csproj", "{F346CAF2-E349-4FB7-AE79-5F1E50D39461}"
EndProject
Project("{FAE04EC0-301F-11D3-BF4B-00C04F79EFBC}") = "VipCoreApi", "VipCoreApi\VipCoreApi.csproj", "{B26AF3C3-D82A-4584-AB4C-CF41FF2CF937}"
EndProject
Project("{2150E333-8FDC-42A3-9474-1A3956D46DE8}") = "Modules", "Modules", "{28A7915F-33C0-4296-9773-7FE4F3BDC8CD}"
EndProject
Project("{FAE04EC0-301F-11D3-BF4B-00C04F79EFBC}") = "VIP_Health", "VIPModules\VIP_Health\VIP_Health.csproj", "{7D183ADA-71AC-4D49-8FD5-4DE8104F6B5C}"
EndProject
Project("{FAE04EC0-301F-11D3-BF4B-00C04F79EFBC}") = "VIP_Armor", "VIPModules\VIP_Armor\VIP_Armor.csproj", "{5C0DFDD9-1687-4DDC-8C02-BA4B271A2B2C}"
EndProject
Project("{FAE04EC0-301F-11D3-BF4B-00C04F79EFBC}") = "VIP_Jumps", "VIPModules\VIP_Jumps\VIP_Jumps.csproj", "{D8EB99CB-A157-4CB9-B9AD-AA810C069750}"
EndProject
Project("{FAE04EC0-301F-11D3-BF4B-00C04F79EFBC}") = "VIP_FastDefuse", "VIPModules\VIP_FastDefuse\VIP_FastDefuse.csproj", "{5B8BDA5E-461D-4584-93E0-AA2F966AFC78}"
EndProject
Project("{FAE04EC0-301F-11D3-BF4B-00C04F79EFBC}") = "VIP_FastPlant", "VIPModules\VIP_FastPlant\VIP_FastPlant.csproj", "{B76DFB26-1F44-4540-A424-DD6E5F0B3781}"
EndProject
Project("{FAE04EC0-301F-11D3-BF4B-00C04F79EFBC}") = "VIP_Bhop", "VIPModules\VIP_Bhop\VIP_Bhop.csproj", "{A22CE9E9-F833-44EC-83BC-8A3441E050C3}"
EndProject
Project("{FAE04EC0-301F-11D3-BF4B-00C04F79EFBC}") = "VIP_BuyTeamWeapon", "VIPModules\VIP_BuyTeamWeapon\VIP_BuyTeamWeapon.csproj", "{12089F50-950F-47F8-A3DB-FC3509CC54EF}"
EndProject
Project("{FAE04EC0-301F-11D3-BF4B-00C04F79EFBC}") = "VIP_CustomDefaultAmmo", "VIPModules\VIP_CustomDefaultAmmo\VIP_CustomDefaultAmmo.csproj", "{6AE6E35C-54C9-419E-83F5-11A69B35DBBA}"
EndProject
Project("{FAE04EC0-301F-11D3-BF4B-00C04F79EFBC}") = "VIP_Endurance", "VIPModules\VIP_Endurance\VIP_Endurance.csproj", "{B6908108-2A38-48FE-814E-FF42A3839B38}"
EndProject
Project("{FAE04EC0-301F-11D3-BF4B-00C04F79EFBC}") = "VIP_Fov", "VIPModules\VIP_Fov\VIP_Fov.csproj", "{5DC66FCF-3274-4C4A-991A-350CA73C0EA1}"
EndProject
Project("{FAE04EC0-301F-11D3-BF4B-00C04F79EFBC}") = "VIP_Gravity", "VIPModules\VIP_Gravity\VIP_Gravity.csproj", "{1847889F-F83C-439E-AA94-FDE4816A13F7}"
EndProject
Project("{FAE04EC0-301F-11D3-BF4B-00C04F79EFBC}") = "VIP_KillScreen", "VIPModules\VIP_KillScreen\VIP_KillScreen.csproj", "{3CCBF63F-37FC-4E43-97BF-D7D95B02EBAA}"
EndProject
Project("{FAE04EC0-301F-11D3-BF4B-00C04F79EFBC}") = "VIP_SmokeColor", "VIPModules\VIP_SmokeColor\VIP_SmokeColor.csproj", "{335ACDAA-C551-4B02-B946-8DBABCE8CD1D}"
EndProject
Project("{FAE04EC0-301F-11D3-BF4B-00C04F79EFBC}") = "VIP_DamageChange", "VIPModules\VIP_DamageChange\VIP_DamageChange.csproj", "{37C34EB0-C971-4737-9B86-3BDAD7C6374D}"
EndProject
Project("{FAE04EC0-301F-11D3-BF4B-00C04F79EFBC}") = "VIP_Flags", "VIPModules\VIP_Flags\VIP_Flags.csproj", "{F988D0E7-390A-49E6-A759-8D02789A1C25}"
EndProject
Project("{FAE04EC0-301F-11D3-BF4B-00C04F79EFBC}") = "VIP_Healthshot", "VIPModules\VIP_Healthshot\VIP_Healthshot.csproj", "{3E88C468-D3A4-478E-A9DA-CEBF31E551D5}"
EndProject
Project("{FAE04EC0-301F-11D3-BF4B-00C04F79EFBC}") = "VIP_Defuser", "VIPModules\VIP_Defuser\VIP_Defuser.csproj", "{A840E19D-1031-423E-BEAD-9381E679CCF7}"
EndProject
Project("{FAE04EC0-301F-11D3-BF4B-00C04F79EFBC}") = "VIP_Test", "VIPModules\VIP_Test\VIP_Test.csproj", "{E7A9F433-5D57-40E3-959E-DB7D263106B2}"
EndProject
Project("{FAE04EC0-301F-11D3-BF4B-00C04F79EFBC}") = "VIP_Vampirism", "VIPModules\VIP_Vampirism\VIP_Vampirism.csproj", "{8E8A4E1C-4EBC-439E-961D-525E75EA4062}"
EndProject
Project("{FAE04EC0-301F-11D3-BF4B-00C04F79EFBC}") = "VIP_VipsOnline", "VIPModules\VIP_VipsOnline\VIP_VipsOnline.csproj", "{30328CC9-0CB5-4FFC-98C4-CD0E95D6115B}"
EndProject
Project("{FAE04EC0-301F-11D3-BF4B-00C04F79EFBC}") = "VIP_TeammatesHeal", "VIPModules\VIP_TeammatesHeal\VIP_TeammatesHeal.csproj", "{1DC39E1D-D767-44B2-BFE0-18F1E92B3E28}"
EndProject
Project("{FAE04EC0-301F-11D3-BF4B-00C04F79EFBC}") = "VIP_RainbowModel", "VIPModules\VIP_RainbowModel\VIP_RainbowModel.csproj", "{602828C8-7519-4293-806B-E833BC99181B}"
EndProject
Project("{FAE04EC0-301F-11D3-BF4B-00C04F79EFBC}") = "VIP_Items", "VIPModules\VIP_Items\VIP_Items.csproj", "{A9ABE9AB-1588-4CC0-8878-E396D72F51EF}"
EndProject
Project("{FAE04EC0-301F-11D3-BF4B-00C04F79EFBC}") = "VIP_Grenades", "VIPModules\VIP_Grenades\VIP_Grenades.csproj", "{3634284F-D41F-439B-B4E7-1A0D0E4B6598}"
EndProject
Project("{FAE04EC0-301F-11D3-BF4B-00C04F79EFBC}") = "VIP_InfiniteAmmo", "VIPModules\VIP_InfiniteAmmo\VIP_InfiniteAmmo.csproj", "{4EEFE20F-0F1F-441C-8282-85D9640D77DC}"
EndProject
Project("{FAE04EC0-301F-11D3-BF4B-00C04F79EFBC}") = "VIP_NightVip", "VIPModules\VIP_NightVip\VIP_NightVip.csproj", "{A05A31E4-D5FC-489B-9A01-E649CB98648A}"
EndProject
Project("{FAE04EC0-301F-11D3-BF4B-00C04F79EFBC}") = "VIP_NoFallDamage", "VIPModules\VIP_NoFallDamage\VIP_NoFallDamage.csproj", "{E916DBE1-E982-41B8-BEE8-0F9427A62A13}"
EndProject
Project("{FAE04EC0-301F-11D3-BF4B-00C04F79EFBC}") = "VIP_AntiFlash", "VIPModules\VIP_AntiFlash\VIP_AntiFlash.csproj", "{2F570FFD-373D-482F-A95D-B29AB03B04B0}"
EndProject
Project("{FAE04EC0-301F-11D3-BF4B-00C04F79EFBC}") = "VIP_Money", "VIPModules\VIP_Money\VIP_Money.csproj", "{9A395C87-F2FE-4C0A-9E08-27454E838E55}"
EndProject
Project("{FAE04EC0-301F-11D3-BF4B-00C04F79EFBC}") = "VIP_Respawn", "VIPModules\VIP_Respawn\VIP_Respawn.csproj", "{F48DB0F4-A4CD-4C8C-9A5F-4CD1706719B2}"
EndProject
Global
	GlobalSection(SolutionConfigurationPlatforms) = preSolution
		Debug|Any CPU = Debug|Any CPU
		Release|Any CPU = Release|Any CPU
	EndGlobalSection
	GlobalSection(ProjectConfigurationPlatforms) = postSolution
		{F346CAF2-E349-4FB7-AE79-5F1E50D39461}.Debug|Any CPU.ActiveCfg = Debug|Any CPU
		{F346CAF2-E349-4FB7-AE79-5F1E50D39461}.Debug|Any CPU.Build.0 = Debug|Any CPU
		{F346CAF2-E349-4FB7-AE79-5F1E50D39461}.Release|Any CPU.ActiveCfg = Release|Any CPU
		{F346CAF2-E349-4FB7-AE79-5F1E50D39461}.Release|Any CPU.Build.0 = Release|Any CPU
		{B26AF3C3-D82A-4584-AB4C-CF41FF2CF937}.Debug|Any CPU.ActiveCfg = Debug|Any CPU
		{B26AF3C3-D82A-4584-AB4C-CF41FF2CF937}.Debug|Any CPU.Build.0 = Debug|Any CPU
		{B26AF3C3-D82A-4584-AB4C-CF41FF2CF937}.Release|Any CPU.ActiveCfg = Release|Any CPU
		{B26AF3C3-D82A-4584-AB4C-CF41FF2CF937}.Release|Any CPU.Build.0 = Release|Any CPU
		{7D183ADA-71AC-4D49-8FD5-4DE8104F6B5C}.Debug|Any CPU.ActiveCfg = Debug|Any CPU
		{7D183ADA-71AC-4D49-8FD5-4DE8104F6B5C}.Debug|Any CPU.Build.0 = Debug|Any CPU
		{7D183ADA-71AC-4D49-8FD5-4DE8104F6B5C}.Release|Any CPU.ActiveCfg = Release|Any CPU
		{7D183ADA-71AC-4D49-8FD5-4DE8104F6B5C}.Release|Any CPU.Build.0 = Release|Any CPU
		{5C0DFDD9-1687-4DDC-8C02-BA4B271A2B2C}.Debug|Any CPU.ActiveCfg = Debug|Any CPU
		{5C0DFDD9-1687-4DDC-8C02-BA4B271A2B2C}.Debug|Any CPU.Build.0 = Debug|Any CPU
		{5C0DFDD9-1687-4DDC-8C02-BA4B271A2B2C}.Release|Any CPU.ActiveCfg = Release|Any CPU
		{5C0DFDD9-1687-4DDC-8C02-BA4B271A2B2C}.Release|Any CPU.Build.0 = Release|Any CPU
		{D8EB99CB-A157-4CB9-B9AD-AA810C069750}.Debug|Any CPU.ActiveCfg = Debug|Any CPU
		{D8EB99CB-A157-4CB9-B9AD-AA810C069750}.Debug|Any CPU.Build.0 = Debug|Any CPU
		{D8EB99CB-A157-4CB9-B9AD-AA810C069750}.Release|Any CPU.ActiveCfg = Release|Any CPU
		{D8EB99CB-A157-4CB9-B9AD-AA810C069750}.Release|Any CPU.Build.0 = Release|Any CPU
		{5B8BDA5E-461D-4584-93E0-AA2F966AFC78}.Debug|Any CPU.ActiveCfg = Debug|Any CPU
		{5B8BDA5E-461D-4584-93E0-AA2F966AFC78}.Debug|Any CPU.Build.0 = Debug|Any CPU
		{5B8BDA5E-461D-4584-93E0-AA2F966AFC78}.Release|Any CPU.ActiveCfg = Release|Any CPU
		{5B8BDA5E-461D-4584-93E0-AA2F966AFC78}.Release|Any CPU.Build.0 = Release|Any CPU
		{B76DFB26-1F44-4540-A424-DD6E5F0B3781}.Debug|Any CPU.ActiveCfg = Debug|Any CPU
		{B76DFB26-1F44-4540-A424-DD6E5F0B3781}.Debug|Any CPU.Build.0 = Debug|Any CPU
		{B76DFB26-1F44-4540-A424-DD6E5F0B3781}.Release|Any CPU.ActiveCfg = Release|Any CPU
		{B76DFB26-1F44-4540-A424-DD6E5F0B3781}.Release|Any CPU.Build.0 = Release|Any CPU
		{A22CE9E9-F833-44EC-83BC-8A3441E050C3}.Debug|Any CPU.ActiveCfg = Debug|Any CPU
		{A22CE9E9-F833-44EC-83BC-8A3441E050C3}.Debug|Any CPU.Build.0 = Debug|Any CPU
		{A22CE9E9-F833-44EC-83BC-8A3441E050C3}.Release|Any CPU.ActiveCfg = Release|Any CPU
		{A22CE9E9-F833-44EC-83BC-8A3441E050C3}.Release|Any CPU.Build.0 = Release|Any CPU
		{12089F50-950F-47F8-A3DB-FC3509CC54EF}.Debug|Any CPU.ActiveCfg = Debug|Any CPU
		{12089F50-950F-47F8-A3DB-FC3509CC54EF}.Debug|Any CPU.Build.0 = Debug|Any CPU
		{12089F50-950F-47F8-A3DB-FC3509CC54EF}.Release|Any CPU.ActiveCfg = Release|Any CPU
		{12089F50-950F-47F8-A3DB-FC3509CC54EF}.Release|Any CPU.Build.0 = Release|Any CPU
		{6AE6E35C-54C9-419E-83F5-11A69B35DBBA}.Debug|Any CPU.ActiveCfg = Debug|Any CPU
		{6AE6E35C-54C9-419E-83F5-11A69B35DBBA}.Debug|Any CPU.Build.0 = Debug|Any CPU
		{6AE6E35C-54C9-419E-83F5-11A69B35DBBA}.Release|Any CPU.ActiveCfg = Release|Any CPU
		{6AE6E35C-54C9-419E-83F5-11A69B35DBBA}.Release|Any CPU.Build.0 = Release|Any CPU
		{B6908108-2A38-48FE-814E-FF42A3839B38}.Debug|Any CPU.ActiveCfg = Debug|Any CPU
		{B6908108-2A38-48FE-814E-FF42A3839B38}.Debug|Any CPU.Build.0 = Debug|Any CPU
		{B6908108-2A38-48FE-814E-FF42A3839B38}.Release|Any CPU.ActiveCfg = Release|Any CPU
		{B6908108-2A38-48FE-814E-FF42A3839B38}.Release|Any CPU.Build.0 = Release|Any CPU
		{5DC66FCF-3274-4C4A-991A-350CA73C0EA1}.Debug|Any CPU.ActiveCfg = Debug|Any CPU
		{5DC66FCF-3274-4C4A-991A-350CA73C0EA1}.Debug|Any CPU.Build.0 = Debug|Any CPU
		{5DC66FCF-3274-4C4A-991A-350CA73C0EA1}.Release|Any CPU.ActiveCfg = Release|Any CPU
		{5DC66FCF-3274-4C4A-991A-350CA73C0EA1}.Release|Any CPU.Build.0 = Release|Any CPU
		{1847889F-F83C-439E-AA94-FDE4816A13F7}.Debug|Any CPU.ActiveCfg = Debug|Any CPU
		{1847889F-F83C-439E-AA94-FDE4816A13F7}.Debug|Any CPU.Build.0 = Debug|Any CPU
		{1847889F-F83C-439E-AA94-FDE4816A13F7}.Release|Any CPU.ActiveCfg = Release|Any CPU
		{1847889F-F83C-439E-AA94-FDE4816A13F7}.Release|Any CPU.Build.0 = Release|Any CPU
		{3CCBF63F-37FC-4E43-97BF-D7D95B02EBAA}.Debug|Any CPU.ActiveCfg = Debug|Any CPU
		{3CCBF63F-37FC-4E43-97BF-D7D95B02EBAA}.Debug|Any CPU.Build.0 = Debug|Any CPU
		{3CCBF63F-37FC-4E43-97BF-D7D95B02EBAA}.Release|Any CPU.ActiveCfg = Release|Any CPU
		{3CCBF63F-37FC-4E43-97BF-D7D95B02EBAA}.Release|Any CPU.Build.0 = Release|Any CPU
		{335ACDAA-C551-4B02-B946-8DBABCE8CD1D}.Debug|Any CPU.ActiveCfg = Debug|Any CPU
		{335ACDAA-C551-4B02-B946-8DBABCE8CD1D}.Debug|Any CPU.Build.0 = Debug|Any CPU
		{335ACDAA-C551-4B02-B946-8DBABCE8CD1D}.Release|Any CPU.ActiveCfg = Release|Any CPU
		{335ACDAA-C551-4B02-B946-8DBABCE8CD1D}.Release|Any CPU.Build.0 = Release|Any CPU
		{37C34EB0-C971-4737-9B86-3BDAD7C6374D}.Debug|Any CPU.ActiveCfg = Debug|Any CPU
		{37C34EB0-C971-4737-9B86-3BDAD7C6374D}.Debug|Any CPU.Build.0 = Debug|Any CPU
		{37C34EB0-C971-4737-9B86-3BDAD7C6374D}.Release|Any CPU.ActiveCfg = Release|Any CPU
		{37C34EB0-C971-4737-9B86-3BDAD7C6374D}.Release|Any CPU.Build.0 = Release|Any CPU
		{F988D0E7-390A-49E6-A759-8D02789A1C25}.Debug|Any CPU.ActiveCfg = Debug|Any CPU
		{F988D0E7-390A-49E6-A759-8D02789A1C25}.Debug|Any CPU.Build.0 = Debug|Any CPU
		{F988D0E7-390A-49E6-A759-8D02789A1C25}.Release|Any CPU.ActiveCfg = Release|Any CPU
		{F988D0E7-390A-49E6-A759-8D02789A1C25}.Release|Any CPU.Build.0 = Release|Any CPU
		{3E88C468-D3A4-478E-A9DA-CEBF31E551D5}.Debug|Any CPU.ActiveCfg = Debug|Any CPU
		{3E88C468-D3A4-478E-A9DA-CEBF31E551D5}.Debug|Any CPU.Build.0 = Debug|Any CPU
		{3E88C468-D3A4-478E-A9DA-CEBF31E551D5}.Release|Any CPU.ActiveCfg = Release|Any CPU
		{3E88C468-D3A4-478E-A9DA-CEBF31E551D5}.Release|Any CPU.Build.0 = Release|Any CPU
		{A840E19D-1031-423E-BEAD-9381E679CCF7}.Debug|Any CPU.ActiveCfg = Debug|Any CPU
		{A840E19D-1031-423E-BEAD-9381E679CCF7}.Debug|Any CPU.Build.0 = Debug|Any CPU
		{A840E19D-1031-423E-BEAD-9381E679CCF7}.Release|Any CPU.ActiveCfg = Release|Any CPU
		{A840E19D-1031-423E-BEAD-9381E679CCF7}.Release|Any CPU.Build.0 = Release|Any CPU
		{E7A9F433-5D57-40E3-959E-DB7D263106B2}.Debug|Any CPU.ActiveCfg = Debug|Any CPU
		{E7A9F433-5D57-40E3-959E-DB7D263106B2}.Debug|Any CPU.Build.0 = Debug|Any CPU
		{E7A9F433-5D57-40E3-959E-DB7D263106B2}.Release|Any CPU.ActiveCfg = Release|Any CPU
		{E7A9F433-5D57-40E3-959E-DB7D263106B2}.Release|Any CPU.Build.0 = Release|Any CPU
		{8E8A4E1C-4EBC-439E-961D-525E75EA4062}.Debug|Any CPU.ActiveCfg = Debug|Any CPU
		{8E8A4E1C-4EBC-439E-961D-525E75EA4062}.Debug|Any CPU.Build.0 = Debug|Any CPU
		{8E8A4E1C-4EBC-439E-961D-525E75EA4062}.Release|Any CPU.ActiveCfg = Release|Any CPU
		{8E8A4E1C-4EBC-439E-961D-525E75EA4062}.Release|Any CPU.Build.0 = Release|Any CPU
		{30328CC9-0CB5-4FFC-98C4-CD0E95D6115B}.Debug|Any CPU.ActiveCfg = Debug|Any CPU
		{30328CC9-0CB5-4FFC-98C4-CD0E95D6115B}.Debug|Any CPU.Build.0 = Debug|Any CPU
		{30328CC9-0CB5-4FFC-98C4-CD0E95D6115B}.Release|Any CPU.ActiveCfg = Release|Any CPU
		{30328CC9-0CB5-4FFC-98C4-CD0E95D6115B}.Release|Any CPU.Build.0 = Release|Any CPU
		{1DC39E1D-D767-44B2-BFE0-18F1E92B3E28}.Debug|Any CPU.ActiveCfg = Debug|Any CPU
		{1DC39E1D-D767-44B2-BFE0-18F1E92B3E28}.Debug|Any CPU.Build.0 = Debug|Any CPU
		{1DC39E1D-D767-44B2-BFE0-18F1E92B3E28}.Release|Any CPU.ActiveCfg = Release|Any CPU
		{1DC39E1D-D767-44B2-BFE0-18F1E92B3E28}.Release|Any CPU.Build.0 = Release|Any CPU
		{602828C8-7519-4293-806B-E833BC99181B}.Debug|Any CPU.ActiveCfg = Debug|Any CPU
		{602828C8-7519-4293-806B-E833BC99181B}.Debug|Any CPU.Build.0 = Debug|Any CPU
		{602828C8-7519-4293-806B-E833BC99181B}.Release|Any CPU.ActiveCfg = Release|Any CPU
		{602828C8-7519-4293-806B-E833BC99181B}.Release|Any CPU.Build.0 = Release|Any CPU
		{A9ABE9AB-1588-4CC0-8878-E396D72F51EF}.Debug|Any CPU.ActiveCfg = Debug|Any CPU
		{A9ABE9AB-1588-4CC0-8878-E396D72F51EF}.Debug|Any CPU.Build.0 = Debug|Any CPU
		{A9ABE9AB-1588-4CC0-8878-E396D72F51EF}.Release|Any CPU.ActiveCfg = Release|Any CPU
		{A9ABE9AB-1588-4CC0-8878-E396D72F51EF}.Release|Any CPU.Build.0 = Release|Any CPU
		{3634284F-D41F-439B-B4E7-1A0D0E4B6598}.Debug|Any CPU.ActiveCfg = Debug|Any CPU
		{3634284F-D41F-439B-B4E7-1A0D0E4B6598}.Debug|Any CPU.Build.0 = Debug|Any CPU
		{3634284F-D41F-439B-B4E7-1A0D0E4B6598}.Release|Any CPU.ActiveCfg = Release|Any CPU
		{3634284F-D41F-439B-B4E7-1A0D0E4B6598}.Release|Any CPU.Build.0 = Release|Any CPU
		{4EEFE20F-0F1F-441C-8282-85D9640D77DC}.Debug|Any CPU.ActiveCfg = Debug|Any CPU
		{4EEFE20F-0F1F-441C-8282-85D9640D77DC}.Debug|Any CPU.Build.0 = Debug|Any CPU
		{4EEFE20F-0F1F-441C-8282-85D9640D77DC}.Release|Any CPU.ActiveCfg = Release|Any CPU
		{4EEFE20F-0F1F-441C-8282-85D9640D77DC}.Release|Any CPU.Build.0 = Release|Any CPU
		{A05A31E4-D5FC-489B-9A01-E649CB98648A}.Debug|Any CPU.ActiveCfg = Debug|Any CPU
		{A05A31E4-D5FC-489B-9A01-E649CB98648A}.Debug|Any CPU.Build.0 = Debug|Any CPU
		{A05A31E4-D5FC-489B-9A01-E649CB98648A}.Release|Any CPU.ActiveCfg = Release|Any CPU
		{A05A31E4-D5FC-489B-9A01-E649CB98648A}.Release|Any CPU.Build.0 = Release|Any CPU
		{E916DBE1-E982-41B8-BEE8-0F9427A62A13}.Debug|Any CPU.ActiveCfg = Debug|Any CPU
		{E916DBE1-E982-41B8-BEE8-0F9427A62A13}.Debug|Any CPU.Build.0 = Debug|Any CPU
		{E916DBE1-E982-41B8-BEE8-0F9427A62A13}.Release|Any CPU.ActiveCfg = Release|Any CPU
		{E916DBE1-E982-41B8-BEE8-0F9427A62A13}.Release|Any CPU.Build.0 = Release|Any CPU
		{2F570FFD-373D-482F-A95D-B29AB03B04B0}.Debug|Any CPU.ActiveCfg = Debug|Any CPU
		{2F570FFD-373D-482F-A95D-B29AB03B04B0}.Debug|Any CPU.Build.0 = Debug|Any CPU
		{2F570FFD-373D-482F-A95D-B29AB03B04B0}.Release|Any CPU.ActiveCfg = Release|Any CPU
		{2F570FFD-373D-482F-A95D-B29AB03B04B0}.Release|Any CPU.Build.0 = Release|Any CPU
		{9A395C87-F2FE-4C0A-9E08-27454E838E55}.Debug|Any CPU.ActiveCfg = Debug|Any CPU
		{9A395C87-F2FE-4C0A-9E08-27454E838E55}.Debug|Any CPU.Build.0 = Debug|Any CPU
		{9A395C87-F2FE-4C0A-9E08-27454E838E55}.Release|Any CPU.ActiveCfg = Release|Any CPU
		{9A395C87-F2FE-4C0A-9E08-27454E838E55}.Release|Any CPU.Build.0 = Release|Any CPU
		{F48DB0F4-A4CD-4C8C-9A5F-4CD1706719B2}.Debug|Any CPU.ActiveCfg = Debug|Any CPU
		{F48DB0F4-A4CD-4C8C-9A5F-4CD1706719B2}.Debug|Any CPU.Build.0 = Debug|Any CPU
		{F48DB0F4-A4CD-4C8C-9A5F-4CD1706719B2}.Release|Any CPU.ActiveCfg = Release|Any CPU
		{F48DB0F4-A4CD-4C8C-9A5F-4CD1706719B2}.Release|Any CPU.Build.0 = Release|Any CPU
	EndGlobalSection
	GlobalSection(NestedProjects) = preSolution
		{7D183ADA-71AC-4D49-8FD5-4DE8104F6B5C} = {28A7915F-33C0-4296-9773-7FE4F3BDC8CD}
		{5C0DFDD9-1687-4DDC-8C02-BA4B271A2B2C} = {28A7915F-33C0-4296-9773-7FE4F3BDC8CD}
		{D8EB99CB-A157-4CB9-B9AD-AA810C069750} = {28A7915F-33C0-4296-9773-7FE4F3BDC8CD}
		{5B8BDA5E-461D-4584-93E0-AA2F966AFC78} = {28A7915F-33C0-4296-9773-7FE4F3BDC8CD}
		{B76DFB26-1F44-4540-A424-DD6E5F0B3781} = {28A7915F-33C0-4296-9773-7FE4F3BDC8CD}
		{A22CE9E9-F833-44EC-83BC-8A3441E050C3} = {28A7915F-33C0-4296-9773-7FE4F3BDC8CD}
		{12089F50-950F-47F8-A3DB-FC3509CC54EF} = {28A7915F-33C0-4296-9773-7FE4F3BDC8CD}
		{6AE6E35C-54C9-419E-83F5-11A69B35DBBA} = {28A7915F-33C0-4296-9773-7FE4F3BDC8CD}
		{B6908108-2A38-48FE-814E-FF42A3839B38} = {28A7915F-33C0-4296-9773-7FE4F3BDC8CD}
		{5DC66FCF-3274-4C4A-991A-350CA73C0EA1} = {28A7915F-33C0-4296-9773-7FE4F3BDC8CD}
		{1847889F-F83C-439E-AA94-FDE4816A13F7} = {28A7915F-33C0-4296-9773-7FE4F3BDC8CD}
		{3CCBF63F-37FC-4E43-97BF-D7D95B02EBAA} = {28A7915F-33C0-4296-9773-7FE4F3BDC8CD}
		{335ACDAA-C551-4B02-B946-8DBABCE8CD1D} = {28A7915F-33C0-4296-9773-7FE4F3BDC8CD}
		{37C34EB0-C971-4737-9B86-3BDAD7C6374D} = {28A7915F-33C0-4296-9773-7FE4F3BDC8CD}
		{F988D0E7-390A-49E6-A759-8D02789A1C25} = {28A7915F-33C0-4296-9773-7FE4F3BDC8CD}
		{3E88C468-D3A4-478E-A9DA-CEBF31E551D5} = {28A7915F-33C0-4296-9773-7FE4F3BDC8CD}
		{A840E19D-1031-423E-BEAD-9381E679CCF7} = {28A7915F-33C0-4296-9773-7FE4F3BDC8CD}
		{E7A9F433-5D57-40E3-959E-DB7D263106B2} = {28A7915F-33C0-4296-9773-7FE4F3BDC8CD}
		{8E8A4E1C-4EBC-439E-961D-525E75EA4062} = {28A7915F-33C0-4296-9773-7FE4F3BDC8CD}
		{30328CC9-0CB5-4FFC-98C4-CD0E95D6115B} = {28A7915F-33C0-4296-9773-7FE4F3BDC8CD}
		{1DC39E1D-D767-44B2-BFE0-18F1E92B3E28} = {28A7915F-33C0-4296-9773-7FE4F3BDC8CD}
		{602828C8-7519-4293-806B-E833BC99181B} = {28A7915F-33C0-4296-9773-7FE4F3BDC8CD}
		{A9ABE9AB-1588-4CC0-8878-E396D72F51EF} = {28A7915F-33C0-4296-9773-7FE4F3BDC8CD}
		{3634284F-D41F-439B-B4E7-1A0D0E4B6598} = {28A7915F-33C0-4296-9773-7FE4F3BDC8CD}
		{4EEFE20F-0F1F-441C-8282-85D9640D77DC} = {28A7915F-33C0-4296-9773-7FE4F3BDC8CD}
		{A05A31E4-D5FC-489B-9A01-E649CB98648A} = {28A7915F-33C0-4296-9773-7FE4F3BDC8CD}
		{E916DBE1-E982-41B8-BEE8-0F9427A62A13} = {28A7915F-33C0-4296-9773-7FE4F3BDC8CD}
		{2F570FFD-373D-482F-A95D-B29AB03B04B0} = {28A7915F-33C0-4296-9773-7FE4F3BDC8CD}
		{9A395C87-F2FE-4C0A-9E08-27454E838E55} = {28A7915F-33C0-4296-9773-7FE4F3BDC8CD}
		{F48DB0F4-A4CD-4C8C-9A5F-4CD1706719B2} = {28A7915F-33C0-4296-9773-7FE4F3BDC8CD}
	EndGlobalSection
EndGlobal
